
Microsoft Visual Studio Solution File, Format Version 12.00
Project("{FAE04EC0-301F-11D3-BF4B-00C04F79EFBC}") = "BDTheque.Web", "BDTheque.Web\BDTheque.Web.csproj", "{8BA4E9CA-6790-4FC7-BC15-C4FBDD8A3305}"
EndProject
Project("{FAE04EC0-301F-11D3-BF4B-00C04F79EFBC}") = "BDTheque.Data", "BDTheque.Data\BDTheque.Data.csproj", "{23AAF74C-B756-41DC-9407-9E02C242AABD}"
EndProject
Project("{FAE04EC0-301F-11D3-BF4B-00C04F79EFBC}") = "BDTheque.GraphQL", "BDTheque.GraphQL\BDTheque.GraphQL.csproj", "{A5C824CB-094C-4F10-9FF3-2DA8FC7C3221}"
EndProject
Project("{FAE04EC0-301F-11D3-BF4B-00C04F79EFBC}") = "BDTheque.Tests", "BDTheque.Tests\BDTheque.Tests.csproj", "{3670D464-029B-4D99-9122-F1DA54103C94}"
EndProject
Project("{FAE04EC0-301F-11D3-BF4B-00C04F79EFBC}") = "BDTheque.Model", "BDTheque.Model\BDTheque.Model.csproj", "{8FF6DFD0-9ECC-41FB-9391-DC242B7158E5}"
EndProject
Project("{FAE04EC0-301F-11D3-BF4B-00C04F79EFBC}") = "BDTheque.Analyzers", "BDTheque.Analyzers\BDTheque.Analyzers.csproj", "{1BAC9B1D-DE28-46E8-B641-E6237EBD8D0D}"
EndProject
Project("{FAE04EC0-301F-11D3-BF4B-00C04F79EFBC}") = "BDTheque.Extensions", "BDTheque.Extensions\BDTheque.Extensions.csproj", "{EB894192-F8A0-4E96-BF98-156C44EC8A0A}"
EndProject
Global
	GlobalSection(SolutionConfigurationPlatforms) = preSolution
		Debug|Any CPU = Debug|Any CPU
		Release|Any CPU = Release|Any CPU
	EndGlobalSection
	GlobalSection(ProjectConfigurationPlatforms) = postSolution
		{8BA4E9CA-6790-4FC7-BC15-C4FBDD8A3305}.Debug|Any CPU.ActiveCfg = Debug|Any CPU
		{8BA4E9CA-6790-4FC7-BC15-C4FBDD8A3305}.Debug|Any CPU.Build.0 = Debug|Any CPU
		{8BA4E9CA-6790-4FC7-BC15-C4FBDD8A3305}.Release|Any CPU.ActiveCfg = Release|Any CPU
		{8BA4E9CA-6790-4FC7-BC15-C4FBDD8A3305}.Release|Any CPU.Build.0 = Release|Any CPU
		{23AAF74C-B756-41DC-9407-9E02C242AABD}.Debug|Any CPU.ActiveCfg = Debug|Any CPU
		{23AAF74C-B756-41DC-9407-9E02C242AABD}.Debug|Any CPU.Build.0 = Debug|Any CPU
		{23AAF74C-B756-41DC-9407-9E02C242AABD}.Release|Any CPU.ActiveCfg = Release|Any CPU
		{23AAF74C-B756-41DC-9407-9E02C242AABD}.Release|Any CPU.Build.0 = Release|Any CPU
		{A5C824CB-094C-4F10-9FF3-2DA8FC7C3221}.Debug|Any CPU.ActiveCfg = Debug|Any CPU
		{A5C824CB-094C-4F10-9FF3-2DA8FC7C3221}.Debug|Any CPU.Build.0 = Debug|Any CPU
		{A5C824CB-094C-4F10-9FF3-2DA8FC7C3221}.Release|Any CPU.ActiveCfg = Release|Any CPU
		{A5C824CB-094C-4F10-9FF3-2DA8FC7C3221}.Release|Any CPU.Build.0 = Release|Any CPU
		{3670D464-029B-4D99-9122-F1DA54103C94}.Debug|Any CPU.ActiveCfg = Debug|Any CPU
		{3670D464-029B-4D99-9122-F1DA54103C94}.Debug|Any CPU.Build.0 = Debug|Any CPU
		{3670D464-029B-4D99-9122-F1DA54103C94}.Release|Any CPU.ActiveCfg = Release|Any CPU
		{3670D464-029B-4D99-9122-F1DA54103C94}.Release|Any CPU.Build.0 = Release|Any CPU
		{8FF6DFD0-9ECC-41FB-9391-DC242B7158E5}.Debug|Any CPU.ActiveCfg = Debug|Any CPU
		{8FF6DFD0-9ECC-41FB-9391-DC242B7158E5}.Debug|Any CPU.Build.0 = Debug|Any CPU
		{8FF6DFD0-9ECC-41FB-9391-DC242B7158E5}.Release|Any CPU.ActiveCfg = Release|Any CPU
		{8FF6DFD0-9ECC-41FB-9391-DC242B7158E5}.Release|Any CPU.Build.0 = Release|Any CPU
		{1BAC9B1D-DE28-46E8-B641-E6237EBD8D0D}.Debug|Any CPU.ActiveCfg = Debug|Any CPU
		{1BAC9B1D-DE28-46E8-B641-E6237EBD8D0D}.Debug|Any CPU.Build.0 = Debug|Any CPU
		{1BAC9B1D-DE28-46E8-B641-E6237EBD8D0D}.Release|Any CPU.ActiveCfg = Release|Any CPU
		{1BAC9B1D-DE28-46E8-B641-E6237EBD8D0D}.Release|Any CPU.Build.0 = Release|Any CPU
		{EB894192-F8A0-4E96-BF98-156C44EC8A0A}.Debug|Any CPU.ActiveCfg = Debug|Any CPU
		{EB894192-F8A0-4E96-BF98-156C44EC8A0A}.Debug|Any CPU.Build.0 = Debug|Any CPU
		{EB894192-F8A0-4E96-BF98-156C44EC8A0A}.Release|Any CPU.ActiveCfg = Release|Any CPU
		{EB894192-F8A0-4E96-BF98-156C44EC8A0A}.Release|Any CPU.Build.0 = Release|Any CPU
	EndGlobalSection
EndGlobal
